
Microsoft Visual Studio Solution File, Format Version 12.00
# Visual Studio 14
VisualStudioVersion = 14.0.25420.1
MinimumVisualStudioVersion = 10.0.40219.1
Project("{FAE04EC0-301F-11D3-BF4B-00C04F79EFBC}") = "DivisasMVVM1.Android", "DivisasMVVM1\DivisasMVVM1.Android\DivisasMVVM1.Android.csproj", "{4C7BF9E5-84D6-4D40-B8F2-BB11E559CEBD}"
EndProject
Project("{FAE04EC0-301F-11D3-BF4B-00C04F79EFBC}") = "DivisasMVVM1", "DivisasMVVM1\DivisasMVVM1\DivisasMVVM1.csproj", "{10DD1CA9-6B4B-4782-A710-EAD9C446FD0D}"
EndProject
Project("{FAE04EC0-301F-11D3-BF4B-00C04F79EFBC}") = "DivisasMVVM1.UWP", "DivisasMVVM1\DivisasMVVM1.UWP\DivisasMVVM1.UWP.csproj", "{276D7287-25B7-485A-822F-0FD23B5068EB}"
EndProject
Project("{FAE04EC0-301F-11D3-BF4B-00C04F79EFBC}") = "DivisasMVVM1.iOS", "DivisasMVVM1\DivisasMVVM1.iOS\DivisasMVVM1.iOS.csproj", "{21C48FFD-9BE6-442D-945F-F4A3E30B6C70}"
EndProject
Global
	GlobalSection(SolutionConfigurationPlatforms) = preSolution
		Ad-Hoc|Any CPU = Ad-Hoc|Any CPU
		Ad-Hoc|ARM = Ad-Hoc|ARM
		Ad-Hoc|iPhone = Ad-Hoc|iPhone
		Ad-Hoc|iPhoneSimulator = Ad-Hoc|iPhoneSimulator
		Ad-Hoc|x64 = Ad-Hoc|x64
		Ad-Hoc|x86 = Ad-Hoc|x86
		AppStore|Any CPU = AppStore|Any CPU
		AppStore|ARM = AppStore|ARM
		AppStore|iPhone = AppStore|iPhone
		AppStore|iPhoneSimulator = AppStore|iPhoneSimulator
		AppStore|x64 = AppStore|x64
		AppStore|x86 = AppStore|x86
		Debug|Any CPU = Debug|Any CPU
		Debug|ARM = Debug|ARM
		Debug|iPhone = Debug|iPhone
		Debug|iPhoneSimulator = Debug|iPhoneSimulator
		Debug|x64 = Debug|x64
		Debug|x86 = Debug|x86
		Release|Any CPU = Release|Any CPU
		Release|ARM = Release|ARM
		Release|iPhone = Release|iPhone
		Release|iPhoneSimulator = Release|iPhoneSimulator
		Release|x64 = Release|x64
		Release|x86 = Release|x86
	EndGlobalSection
	GlobalSection(ProjectConfigurationPlatforms) = postSolution
		{4C7BF9E5-84D6-4D40-B8F2-BB11E559CEBD}.Ad-Hoc|Any CPU.ActiveCfg = Release|Any CPU
		{4C7BF9E5-84D6-4D40-B8F2-BB11E559CEBD}.Ad-Hoc|Any CPU.Build.0 = Release|Any CPU
		{4C7BF9E5-84D6-4D40-B8F2-BB11E559CEBD}.Ad-Hoc|Any CPU.Deploy.0 = Release|Any CPU
		{4C7BF9E5-84D6-4D40-B8F2-BB11E559CEBD}.Ad-Hoc|ARM.ActiveCfg = Release|Any CPU
		{4C7BF9E5-84D6-4D40-B8F2-BB11E559CEBD}.Ad-Hoc|ARM.Build.0 = Release|Any CPU
		{4C7BF9E5-84D6-4D40-B8F2-BB11E559CEBD}.Ad-Hoc|ARM.Deploy.0 = Release|Any CPU
		{4C7BF9E5-84D6-4D40-B8F2-BB11E559CEBD}.Ad-Hoc|iPhone.ActiveCfg = Release|Any CPU
		{4C7BF9E5-84D6-4D40-B8F2-BB11E559CEBD}.Ad-Hoc|iPhone.Build.0 = Release|Any CPU
		{4C7BF9E5-84D6-4D40-B8F2-BB11E559CEBD}.Ad-Hoc|iPhone.Deploy.0 = Release|Any CPU
		{4C7BF9E5-84D6-4D40-B8F2-BB11E559CEBD}.Ad-Hoc|iPhoneSimulator.ActiveCfg = Release|Any CPU
		{4C7BF9E5-84D6-4D40-B8F2-BB11E559CEBD}.Ad-Hoc|iPhoneSimulator.Build.0 = Release|Any CPU
		{4C7BF9E5-84D6-4D40-B8F2-BB11E559CEBD}.Ad-Hoc|iPhoneSimulator.Deploy.0 = Release|Any CPU
		{4C7BF9E5-84D6-4D40-B8F2-BB11E559CEBD}.Ad-Hoc|x64.ActiveCfg = Release|Any CPU
		{4C7BF9E5-84D6-4D40-B8F2-BB11E559CEBD}.Ad-Hoc|x64.Build.0 = Release|Any CPU
		{4C7BF9E5-84D6-4D40-B8F2-BB11E559CEBD}.Ad-Hoc|x64.Deploy.0 = Release|Any CPU
		{4C7BF9E5-84D6-4D40-B8F2-BB11E559CEBD}.Ad-Hoc|x86.ActiveCfg = Release|Any CPU
		{4C7BF9E5-84D6-4D40-B8F2-BB11E559CEBD}.Ad-Hoc|x86.Build.0 = Release|Any CPU
		{4C7BF9E5-84D6-4D40-B8F2-BB11E559CEBD}.Ad-Hoc|x86.Deploy.0 = Release|Any CPU
		{4C7BF9E5-84D6-4D40-B8F2-BB11E559CEBD}.AppStore|Any CPU.ActiveCfg = Release|Any CPU
		{4C7BF9E5-84D6-4D40-B8F2-BB11E559CEBD}.AppStore|Any CPU.Build.0 = Release|Any CPU
		{4C7BF9E5-84D6-4D40-B8F2-BB11E559CEBD}.AppStore|Any CPU.Deploy.0 = Release|Any CPU
		{4C7BF9E5-84D6-4D40-B8F2-BB11E559CEBD}.AppStore|ARM.ActiveCfg = Release|Any CPU
		{4C7BF9E5-84D6-4D40-B8F2-BB11E559CEBD}.AppStore|ARM.Build.0 = Release|Any CPU
		{4C7BF9E5-84D6-4D40-B8F2-BB11E559CEBD}.AppStore|ARM.Deploy.0 = Release|Any CPU
		{4C7BF9E5-84D6-4D40-B8F2-BB11E559CEBD}.AppStore|iPhone.ActiveCfg = Release|Any CPU
		{4C7BF9E5-84D6-4D40-B8F2-BB11E559CEBD}.AppStore|iPhone.Build.0 = Release|Any CPU
		{4C7BF9E5-84D6-4D40-B8F2-BB11E559CEBD}.AppStore|iPhone.Deploy.0 = Release|Any CPU
		{4C7BF9E5-84D6-4D40-B8F2-BB11E559CEBD}.AppStore|iPhoneSimulator.ActiveCfg = Release|Any CPU
		{4C7BF9E5-84D6-4D40-B8F2-BB11E559CEBD}.AppStore|iPhoneSimulator.Build.0 = Release|Any CPU
		{4C7BF9E5-84D6-4D40-B8F2-BB11E559CEBD}.AppStore|iPhoneSimulator.Deploy.0 = Release|Any CPU
		{4C7BF9E5-84D6-4D40-B8F2-BB11E559CEBD}.AppStore|x64.ActiveCfg = Release|Any CPU
		{4C7BF9E5-84D6-4D40-B8F2-BB11E559CEBD}.AppStore|x64.Build.0 = Release|Any CPU
		{4C7BF9E5-84D6-4D40-B8F2-BB11E559CEBD}.AppStore|x64.Deploy.0 = Release|Any CPU
		{4C7BF9E5-84D6-4D40-B8F2-BB11E559CEBD}.AppStore|x86.ActiveCfg = Release|Any CPU
		{4C7BF9E5-84D6-4D40-B8F2-BB11E559CEBD}.AppStore|x86.Build.0 = Release|Any CPU
		{4C7BF9E5-84D6-4D40-B8F2-BB11E559CEBD}.AppStore|x86.Deploy.0 = Release|Any CPU
		{4C7BF9E5-84D6-4D40-B8F2-BB11E559CEBD}.Debug|Any CPU.ActiveCfg = Debug|Any CPU
		{4C7BF9E5-84D6-4D40-B8F2-BB11E559CEBD}.Debug|Any CPU.Build.0 = Debug|Any CPU
		{4C7BF9E5-84D6-4D40-B8F2-BB11E559CEBD}.Debug|Any CPU.Deploy.0 = Debug|Any CPU
		{4C7BF9E5-84D6-4D40-B8F2-BB11E559CEBD}.Debug|ARM.ActiveCfg = Debug|Any CPU
		{4C7BF9E5-84D6-4D40-B8F2-BB11E559CEBD}.Debug|ARM.Build.0 = Debug|Any CPU
		{4C7BF9E5-84D6-4D40-B8F2-BB11E559CEBD}.Debug|ARM.Deploy.0 = Debug|Any CPU
		{4C7BF9E5-84D6-4D40-B8F2-BB11E559CEBD}.Debug|iPhone.ActiveCfg = Debug|Any CPU
		{4C7BF9E5-84D6-4D40-B8F2-BB11E559CEBD}.Debug|iPhone.Build.0 = Debug|Any CPU
		{4C7BF9E5-84D6-4D40-B8F2-BB11E559CEBD}.Debug|iPhone.Deploy.0 = Debug|Any CPU
		{4C7BF9E5-84D6-4D40-B8F2-BB11E559CEBD}.Debug|iPhoneSimulator.ActiveCfg = Debug|Any CPU
		{4C7BF9E5-84D6-4D40-B8F2-BB11E559CEBD}.Debug|iPhoneSimulator.Build.0 = Debug|Any CPU
		{4C7BF9E5-84D6-4D40-B8F2-BB11E559CEBD}.Debug|iPhoneSimulator.Deploy.0 = Debug|Any CPU
		{4C7BF9E5-84D6-4D40-B8F2-BB11E559CEBD}.Debug|x64.ActiveCfg = Debug|Any CPU
		{4C7BF9E5-84D6-4D40-B8F2-BB11E559CEBD}.Debug|x64.Build.0 = Debug|Any CPU
		{4C7BF9E5-84D6-4D40-B8F2-BB11E559CEBD}.Debug|x64.Deploy.0 = Debug|Any CPU
		{4C7BF9E5-84D6-4D40-B8F2-BB11E559CEBD}.Debug|x86.ActiveCfg = Debug|Any CPU
		{4C7BF9E5-84D6-4D40-B8F2-BB11E559CEBD}.Debug|x86.Build.0 = Debug|Any CPU
		{4C7BF9E5-84D6-4D40-B8F2-BB11E559CEBD}.Debug|x86.Deploy.0 = Debug|Any CPU
		{4C7BF9E5-84D6-4D40-B8F2-BB11E559CEBD}.Release|Any CPU.ActiveCfg = Release|Any CPU
		{4C7BF9E5-84D6-4D40-B8F2-BB11E559CEBD}.Release|Any CPU.Build.0 = Release|Any CPU
		{4C7BF9E5-84D6-4D40-B8F2-BB11E559CEBD}.Release|Any CPU.Deploy.0 = Release|Any CPU
		{4C7BF9E5-84D6-4D40-B8F2-BB11E559CEBD}.Release|ARM.ActiveCfg = Release|Any CPU
		{4C7BF9E5-84D6-4D40-B8F2-BB11E559CEBD}.Release|ARM.Build.0 = Release|Any CPU
		{4C7BF9E5-84D6-4D40-B8F2-BB11E559CEBD}.Release|ARM.Deploy.0 = Release|Any CPU
		{4C7BF9E5-84D6-4D40-B8F2-BB11E559CEBD}.Release|iPhone.ActiveCfg = Release|Any CPU
		{4C7BF9E5-84D6-4D40-B8F2-BB11E559CEBD}.Release|iPhone.Build.0 = Release|Any CPU
		{4C7BF9E5-84D6-4D40-B8F2-BB11E559CEBD}.Release|iPhone.Deploy.0 = Release|Any CPU
		{4C7BF9E5-84D6-4D40-B8F2-BB11E559CEBD}.Release|iPhoneSimulator.ActiveCfg = Release|Any CPU
		{4C7BF9E5-84D6-4D40-B8F2-BB11E559CEBD}.Release|iPhoneSimulator.Build.0 = Release|Any CPU
		{4C7BF9E5-84D6-4D40-B8F2-BB11E559CEBD}.Release|iPhoneSimulator.Deploy.0 = Release|Any CPU
		{4C7BF9E5-84D6-4D40-B8F2-BB11E559CEBD}.Release|x64.ActiveCfg = Release|Any CPU
		{4C7BF9E5-84D6-4D40-B8F2-BB11E559CEBD}.Release|x64.Build.0 = Release|Any CPU
		{4C7BF9E5-84D6-4D40-B8F2-BB11E559CEBD}.Release|x64.Deploy.0 = Release|Any CPU
		{4C7BF9E5-84D6-4D40-B8F2-BB11E559CEBD}.Release|x86.ActiveCfg = Release|Any CPU
		{4C7BF9E5-84D6-4D40-B8F2-BB11E559CEBD}.Release|x86.Build.0 = Release|Any CPU
		{4C7BF9E5-84D6-4D40-B8F2-BB11E559CEBD}.Release|x86.Deploy.0 = Release|Any CPU
		{10DD1CA9-6B4B-4782-A710-EAD9C446FD0D}.Ad-Hoc|Any CPU.ActiveCfg = Release|Any CPU
		{10DD1CA9-6B4B-4782-A710-EAD9C446FD0D}.Ad-Hoc|Any CPU.Build.0 = Release|Any CPU
		{10DD1CA9-6B4B-4782-A710-EAD9C446FD0D}.Ad-Hoc|ARM.ActiveCfg = Release|Any CPU
		{10DD1CA9-6B4B-4782-A710-EAD9C446FD0D}.Ad-Hoc|ARM.Build.0 = Release|Any CPU
		{10DD1CA9-6B4B-4782-A710-EAD9C446FD0D}.Ad-Hoc|iPhone.ActiveCfg = Release|Any CPU
		{10DD1CA9-6B4B-4782-A710-EAD9C446FD0D}.Ad-Hoc|iPhone.Build.0 = Release|Any CPU
		{10DD1CA9-6B4B-4782-A710-EAD9C446FD0D}.Ad-Hoc|iPhoneSimulator.ActiveCfg = Release|Any CPU
		{10DD1CA9-6B4B-4782-A710-EAD9C446FD0D}.Ad-Hoc|iPhoneSimulator.Build.0 = Release|Any CPU
		{10DD1CA9-6B4B-4782-A710-EAD9C446FD0D}.Ad-Hoc|x64.ActiveCfg = Release|Any CPU
		{10DD1CA9-6B4B-4782-A710-EAD9C446FD0D}.Ad-Hoc|x64.Build.0 = Release|Any CPU
		{10DD1CA9-6B4B-4782-A710-EAD9C446FD0D}.Ad-Hoc|x86.ActiveCfg = Release|Any CPU
		{10DD1CA9-6B4B-4782-A710-EAD9C446FD0D}.Ad-Hoc|x86.Build.0 = Release|Any CPU
		{10DD1CA9-6B4B-4782-A710-EAD9C446FD0D}.AppStore|Any CPU.ActiveCfg = Release|Any CPU
		{10DD1CA9-6B4B-4782-A710-EAD9C446FD0D}.AppStore|Any CPU.Build.0 = Release|Any CPU
		{10DD1CA9-6B4B-4782-A710-EAD9C446FD0D}.AppStore|ARM.ActiveCfg = Release|Any CPU
		{10DD1CA9-6B4B-4782-A710-EAD9C446FD0D}.AppStore|ARM.Build.0 = Release|Any CPU
		{10DD1CA9-6B4B-4782-A710-EAD9C446FD0D}.AppStore|iPhone.ActiveCfg = Release|Any CPU
		{10DD1CA9-6B4B-4782-A710-EAD9C446FD0D}.AppStore|iPhone.Build.0 = Release|Any CPU
		{10DD1CA9-6B4B-4782-A710-EAD9C446FD0D}.AppStore|iPhoneSimulator.ActiveCfg = Release|Any CPU
		{10DD1CA9-6B4B-4782-A710-EAD9C446FD0D}.AppStore|iPhoneSimulator.Build.0 = Release|Any CPU
		{10DD1CA9-6B4B-4782-A710-EAD9C446FD0D}.AppStore|x64.ActiveCfg = Release|Any CPU
		{10DD1CA9-6B4B-4782-A710-EAD9C446FD0D}.AppStore|x64.Build.0 = Release|Any CPU
		{10DD1CA9-6B4B-4782-A710-EAD9C446FD0D}.AppStore|x86.ActiveCfg = Release|Any CPU
		{10DD1CA9-6B4B-4782-A710-EAD9C446FD0D}.AppStore|x86.Build.0 = Release|Any CPU
		{10DD1CA9-6B4B-4782-A710-EAD9C446FD0D}.Debug|Any CPU.ActiveCfg = Debug|Any CPU
		{10DD1CA9-6B4B-4782-A710-EAD9C446FD0D}.Debug|Any CPU.Build.0 = Debug|Any CPU
		{10DD1CA9-6B4B-4782-A710-EAD9C446FD0D}.Debug|ARM.ActiveCfg = Debug|Any CPU
		{10DD1CA9-6B4B-4782-A710-EAD9C446FD0D}.Debug|ARM.Build.0 = Debug|Any CPU
		{10DD1CA9-6B4B-4782-A710-EAD9C446FD0D}.Debug|iPhone.ActiveCfg = Debug|Any CPU
		{10DD1CA9-6B4B-4782-A710-EAD9C446FD0D}.Debug|iPhone.Build.0 = Debug|Any CPU
		{10DD1CA9-6B4B-4782-A710-EAD9C446FD0D}.Debug|iPhoneSimulator.ActiveCfg = Debug|Any CPU
		{10DD1CA9-6B4B-4782-A710-EAD9C446FD0D}.Debug|iPhoneSimulator.Build.0 = Debug|Any CPU
		{10DD1CA9-6B4B-4782-A710-EAD9C446FD0D}.Debug|x64.ActiveCfg = Debug|Any CPU
		{10DD1CA9-6B4B-4782-A710-EAD9C446FD0D}.Debug|x64.Build.0 = Debug|Any CPU
		{10DD1CA9-6B4B-4782-A710-EAD9C446FD0D}.Debug|x86.ActiveCfg = Debug|Any CPU
		{10DD1CA9-6B4B-4782-A710-EAD9C446FD0D}.Debug|x86.Build.0 = Debug|Any CPU
		{10DD1CA9-6B4B-4782-A710-EAD9C446FD0D}.Release|Any CPU.ActiveCfg = Release|Any CPU
		{10DD1CA9-6B4B-4782-A710-EAD9C446FD0D}.Release|Any CPU.Build.0 = Release|Any CPU
		{10DD1CA9-6B4B-4782-A710-EAD9C446FD0D}.Release|ARM.ActiveCfg = Release|Any CPU
		{10DD1CA9-6B4B-4782-A710-EAD9C446FD0D}.Release|ARM.Build.0 = Release|Any CPU
		{10DD1CA9-6B4B-4782-A710-EAD9C446FD0D}.Release|iPhone.ActiveCfg = Release|Any CPU
		{10DD1CA9-6B4B-4782-A710-EAD9C446FD0D}.Release|iPhone.Build.0 = Release|Any CPU
		{10DD1CA9-6B4B-4782-A710-EAD9C446FD0D}.Release|iPhoneSimulator.ActiveCfg = Release|Any CPU
		{10DD1CA9-6B4B-4782-A710-EAD9C446FD0D}.Release|iPhoneSimulator.Build.0 = Release|Any CPU
		{10DD1CA9-6B4B-4782-A710-EAD9C446FD0D}.Release|x64.ActiveCfg = Release|Any CPU
		{10DD1CA9-6B4B-4782-A710-EAD9C446FD0D}.Release|x64.Build.0 = Release|Any CPU
		{10DD1CA9-6B4B-4782-A710-EAD9C446FD0D}.Release|x86.ActiveCfg = Release|Any CPU
		{10DD1CA9-6B4B-4782-A710-EAD9C446FD0D}.Release|x86.Build.0 = Release|Any CPU
		{276D7287-25B7-485A-822F-0FD23B5068EB}.Ad-Hoc|Any CPU.ActiveCfg = Release|x86
		{276D7287-25B7-485A-822F-0FD23B5068EB}.Ad-Hoc|Any CPU.Build.0 = Release|x86
		{276D7287-25B7-485A-822F-0FD23B5068EB}.Ad-Hoc|Any CPU.Deploy.0 = Release|x86
		{276D7287-25B7-485A-822F-0FD23B5068EB}.Ad-Hoc|ARM.ActiveCfg = Release|ARM
		{276D7287-25B7-485A-822F-0FD23B5068EB}.Ad-Hoc|ARM.Build.0 = Release|ARM
		{276D7287-25B7-485A-822F-0FD23B5068EB}.Ad-Hoc|ARM.Deploy.0 = Release|ARM
		{276D7287-25B7-485A-822F-0FD23B5068EB}.Ad-Hoc|iPhone.ActiveCfg = Release|x86
		{276D7287-25B7-485A-822F-0FD23B5068EB}.Ad-Hoc|iPhone.Build.0 = Release|x86
		{276D7287-25B7-485A-822F-0FD23B5068EB}.Ad-Hoc|iPhone.Deploy.0 = Release|x86
		{276D7287-25B7-485A-822F-0FD23B5068EB}.Ad-Hoc|iPhoneSimulator.ActiveCfg = Release|x86
		{276D7287-25B7-485A-822F-0FD23B5068EB}.Ad-Hoc|iPhoneSimulator.Build.0 = Release|x86
		{276D7287-25B7-485A-822F-0FD23B5068EB}.Ad-Hoc|iPhoneSimulator.Deploy.0 = Release|x86
		{276D7287-25B7-485A-822F-0FD23B5068EB}.Ad-Hoc|x64.ActiveCfg = Release|x64
		{276D7287-25B7-485A-822F-0FD23B5068EB}.Ad-Hoc|x64.Build.0 = Release|x64
		{276D7287-25B7-485A-822F-0FD23B5068EB}.Ad-Hoc|x64.Deploy.0 = Release|x64
		{276D7287-25B7-485A-822F-0FD23B5068EB}.Ad-Hoc|x86.ActiveCfg = Release|x86
		{276D7287-25B7-485A-822F-0FD23B5068EB}.Ad-Hoc|x86.Build.0 = Release|x86
		{276D7287-25B7-485A-822F-0FD23B5068EB}.Ad-Hoc|x86.Deploy.0 = Release|x86
		{276D7287-25B7-485A-822F-0FD23B5068EB}.AppStore|Any CPU.ActiveCfg = Release|x86
		{276D7287-25B7-485A-822F-0FD23B5068EB}.AppStore|Any CPU.Build.0 = Release|x86
		{276D7287-25B7-485A-822F-0FD23B5068EB}.AppStore|Any CPU.Deploy.0 = Release|x86
		{276D7287-25B7-485A-822F-0FD23B5068EB}.AppStore|ARM.ActiveCfg = Release|ARM
		{276D7287-25B7-485A-822F-0FD23B5068EB}.AppStore|ARM.Build.0 = Release|ARM
		{276D7287-25B7-485A-822F-0FD23B5068EB}.AppStore|ARM.Deploy.0 = Release|ARM
		{276D7287-25B7-485A-822F-0FD23B5068EB}.AppStore|iPhone.ActiveCfg = Release|x86
		{276D7287-25B7-485A-822F-0FD23B5068EB}.AppStore|iPhone.Build.0 = Release|x86
		{276D7287-25B7-485A-822F-0FD23B5068EB}.AppStore|iPhone.Deploy.0 = Release|x86
		{276D7287-25B7-485A-822F-0FD23B5068EB}.AppStore|iPhoneSimulator.ActiveCfg = Release|x86
		{276D7287-25B7-485A-822F-0FD23B5068EB}.AppStore|iPhoneSimulator.Build.0 = Release|x86
		{276D7287-25B7-485A-822F-0FD23B5068EB}.AppStore|iPhoneSimulator.Deploy.0 = Release|x86
		{276D7287-25B7-485A-822F-0FD23B5068EB}.AppStore|x64.ActiveCfg = Release|x64
		{276D7287-25B7-485A-822F-0FD23B5068EB}.AppStore|x64.Build.0 = Release|x64
		{276D7287-25B7-485A-822F-0FD23B5068EB}.AppStore|x64.Deploy.0 = Release|x64
		{276D7287-25B7-485A-822F-0FD23B5068EB}.AppStore|x86.ActiveCfg = Release|x86
		{276D7287-25B7-485A-822F-0FD23B5068EB}.AppStore|x86.Build.0 = Release|x86
		{276D7287-25B7-485A-822F-0FD23B5068EB}.AppStore|x86.Deploy.0 = Release|x86
		{276D7287-25B7-485A-822F-0FD23B5068EB}.Debug|Any CPU.ActiveCfg = Debug|x86
		{276D7287-25B7-485A-822F-0FD23B5068EB}.Debug|ARM.ActiveCfg = Debug|ARM
		{276D7287-25B7-485A-822F-0FD23B5068EB}.Debug|ARM.Build.0 = Debug|ARM
		{276D7287-25B7-485A-822F-0FD23B5068EB}.Debug|ARM.Deploy.0 = Debug|ARM
		{276D7287-25B7-485A-822F-0FD23B5068EB}.Debug|iPhone.ActiveCfg = Debug|x86
		{276D7287-25B7-485A-822F-0FD23B5068EB}.Debug|iPhoneSimulator.ActiveCfg = Debug|x86
		{276D7287-25B7-485A-822F-0FD23B5068EB}.Debug|x64.ActiveCfg = Debug|x64
		{276D7287-25B7-485A-822F-0FD23B5068EB}.Debug|x64.Build.0 = Debug|x64
		{276D7287-25B7-485A-822F-0FD23B5068EB}.Debug|x64.Deploy.0 = Debug|x64
		{276D7287-25B7-485A-822F-0FD23B5068EB}.Debug|x86.ActiveCfg = Debug|x86
		{276D7287-25B7-485A-822F-0FD23B5068EB}.Debug|x86.Build.0 = Debug|x86
		{276D7287-25B7-485A-822F-0FD23B5068EB}.Debug|x86.Deploy.0 = Debug|x86
		{276D7287-25B7-485A-822F-0FD23B5068EB}.Release|Any CPU.ActiveCfg = Release|x86
		{276D7287-25B7-485A-822F-0FD23B5068EB}.Release|ARM.ActiveCfg = Release|ARM
		{276D7287-25B7-485A-822F-0FD23B5068EB}.Release|ARM.Build.0 = Release|ARM
		{276D7287-25B7-485A-822F-0FD23B5068EB}.Release|ARM.Deploy.0 = Release|ARM
		{276D7287-25B7-485A-822F-0FD23B5068EB}.Release|iPhone.ActiveCfg = Release|x86
		{276D7287-25B7-485A-822F-0FD23B5068EB}.Release|iPhoneSimulator.ActiveCfg = Release|x86
		{276D7287-25B7-485A-822F-0FD23B5068EB}.Release|x64.ActiveCfg = Release|x64
		{276D7287-25B7-485A-822F-0FD23B5068EB}.Release|x64.Build.0 = Release|x64
		{276D7287-25B7-485A-822F-0FD23B5068EB}.Release|x64.Deploy.0 = Release|x64
		{276D7287-25B7-485A-822F-0FD23B5068EB}.Release|x86.ActiveCfg = Release|x86
		{276D7287-25B7-485A-822F-0FD23B5068EB}.Release|x86.Build.0 = Release|x86
		{276D7287-25B7-485A-822F-0FD23B5068EB}.Release|x86.Deploy.0 = Release|x86
		{21C48FFD-9BE6-442D-945F-F4A3E30B6C70}.Ad-Hoc|Any CPU.ActiveCfg = Ad-Hoc|iPhone
		{21C48FFD-9BE6-442D-945F-F4A3E30B6C70}.Ad-Hoc|ARM.ActiveCfg = Ad-Hoc|iPhone
		{21C48FFD-9BE6-442D-945F-F4A3E30B6C70}.Ad-Hoc|iPhone.ActiveCfg = Ad-Hoc|iPhone
		{21C48FFD-9BE6-442D-945F-F4A3E30B6C70}.Ad-Hoc|iPhone.Build.0 = Ad-Hoc|iPhone
		{21C48FFD-9BE6-442D-945F-F4A3E30B6C70}.Ad-Hoc|iPhoneSimulator.ActiveCfg = Ad-Hoc|iPhoneSimulator
		{21C48FFD-9BE6-442D-945F-F4A3E30B6C70}.Ad-Hoc|iPhoneSimulator.Build.0 = Ad-Hoc|iPhoneSimulator
		{21C48FFD-9BE6-442D-945F-F4A3E30B6C70}.Ad-Hoc|x64.ActiveCfg = Ad-Hoc|iPhone
		{21C48FFD-9BE6-442D-945F-F4A3E30B6C70}.Ad-Hoc|x86.ActiveCfg = Ad-Hoc|iPhone
		{21C48FFD-9BE6-442D-945F-F4A3E30B6C70}.AppStore|Any CPU.ActiveCfg = AppStore|iPhone
		{21C48FFD-9BE6-442D-945F-F4A3E30B6C70}.AppStore|ARM.ActiveCfg = AppStore|iPhone
		{21C48FFD-9BE6-442D-945F-F4A3E30B6C70}.AppStore|iPhone.ActiveCfg = AppStore|iPhone
		{21C48FFD-9BE6-442D-945F-F4A3E30B6C70}.AppStore|iPhone.Build.0 = AppStore|iPhone
		{21C48FFD-9BE6-442D-945F-F4A3E30B6C70}.AppStore|iPhoneSimulator.ActiveCfg = AppStore|iPhoneSimulator
		{21C48FFD-9BE6-442D-945F-F4A3E30B6C70}.AppStore|iPhoneSimulator.Build.0 = AppStore|iPhoneSimulator
		{21C48FFD-9BE6-442D-945F-F4A3E30B6C70}.AppStore|x64.ActiveCfg = AppStore|iPhone
		{21C48FFD-9BE6-442D-945F-F4A3E30B6C70}.AppStore|x86.ActiveCfg = AppStore|iPhone
		{21C48FFD-9BE6-442D-945F-F4A3E30B6C70}.Debug|Any CPU.ActiveCfg = Debug|iPhone
		{21C48FFD-9BE6-442D-945F-F4A3E30B6C70}.Debug|ARM.ActiveCfg = Debug|iPhone
		{21C48FFD-9BE6-442D-945F-F4A3E30B6C70}.Debug|iPhone.ActiveCfg = Debug|iPhone
		{21C48FFD-9BE6-442D-945F-F4A3E30B6C70}.Debug|iPhone.Build.0 = Debug|iPhone
		{21C48FFD-9BE6-442D-945F-F4A3E30B6C70}.Debug|iPhoneSimulator.ActiveCfg = Debug|iPhoneSimulator
		{21C48FFD-9BE6-442D-945F-F4A3E30B6C70}.Debug|iPhoneSimulator.Build.0 = Debug|iPhoneSimulator
		{21C48FFD-9BE6-442D-945F-F4A3E30B6C70}.Debug|x64.ActiveCfg = Debug|iPhone
		{21C48FFD-9BE6-442D-945F-F4A3E30B6C70}.Debug|x86.ActiveCfg = Debug|iPhone
		{21C48FFD-9BE6-442D-945F-F4A3E30B6C70}.Release|Any CPU.ActiveCfg = Release|iPhone
		{21C48FFD-9BE6-442D-945F-F4A3E30B6C70}.Release|ARM.ActiveCfg = Release|iPhone
		{21C48FFD-9BE6-442D-945F-F4A3E30B6C70}.Release|iPhone.ActiveCfg = Release|iPhone
		{21C48FFD-9BE6-442D-945F-F4A3E30B6C70}.Release|iPhone.Build.0 = Release|iPhone
		{21C48FFD-9BE6-442D-945F-F4A3E30B6C70}.Release|iPhoneSimulator.ActiveCfg = Release|iPhoneSimulator
		{21C48FFD-9BE6-442D-945F-F4A3E30B6C70}.Release|iPhoneSimulator.Build.0 = Release|iPhoneSimulator
		{21C48FFD-9BE6-442D-945F-F4A3E30B6C70}.Release|x64.ActiveCfg = Release|iPhone
		{21C48FFD-9BE6-442D-945F-F4A3E30B6C70}.Release|x86.ActiveCfg = Release|iPhone
	EndGlobalSection
	GlobalSection(SolutionProperties) = preSolution
		HideSolutionNode = FALSE
	EndGlobalSection
EndGlobal
